
Microsoft Visual Studio Solution File, Format Version 12.00
Project("{FAE04EC0-301F-11D3-BF4B-00C04F79EFBC}") = "Cubic", "Cubic\Cubic.csproj", "{EE5EBB43-D4B3-416C-A4AE-509EC9C5B470}"
EndProject
Project("{FAE04EC0-301F-11D3-BF4B-00C04F79EFBC}") = "Cubic.Physics", "Cubic.Physics\Cubic.Physics.csproj", "{A19DAB1A-52F4-4148-A4A6-772486A98828}"
EndProject
Project("{FAE04EC0-301F-11D3-BF4B-00C04F79EFBC}") = "Cubic.Graphics", "Cubic.Graphics\Cubic.Graphics.csproj", "{34FA722D-66A0-4471-A2D2-83CA340DF425}"
EndProject
Project("{FAE04EC0-301F-11D3-BF4B-00C04F79EFBC}") = "Cubic.Graphics.Platforms.OpenGL33", "Cubic.Graphics.Platforms.OpenGL33\Cubic.Graphics.Platforms.OpenGL33.csproj", "{0192B5D7-3C9D-4E91-8C60-2980F395D13E}"
EndProject
Project("{FAE04EC0-301F-11D3-BF4B-00C04F79EFBC}") = "BulletSharp.DotNetCore", "BulletSharpPInvoke\BulletSharp\BulletSharp.DotNetCore.csproj", "{A2F7EB46-0CBD-4844-AFE2-06CB5C2AE222}"
EndProject
Global
	GlobalSection(SolutionConfigurationPlatforms) = preSolution
		Debug|Any CPU = Debug|Any CPU
		Release|Any CPU = Release|Any CPU
	EndGlobalSection
	GlobalSection(ProjectConfigurationPlatforms) = postSolution
		{EE5EBB43-D4B3-416C-A4AE-509EC9C5B470}.Debug|Any CPU.ActiveCfg = Debug|Any CPU
		{EE5EBB43-D4B3-416C-A4AE-509EC9C5B470}.Debug|Any CPU.Build.0 = Debug|Any CPU
		{EE5EBB43-D4B3-416C-A4AE-509EC9C5B470}.Release|Any CPU.ActiveCfg = Release|Any CPU
		{EE5EBB43-D4B3-416C-A4AE-509EC9C5B470}.Release|Any CPU.Build.0 = Release|Any CPU
		{A19DAB1A-52F4-4148-A4A6-772486A98828}.Debug|Any CPU.ActiveCfg = Debug|Any CPU
		{A19DAB1A-52F4-4148-A4A6-772486A98828}.Debug|Any CPU.Build.0 = Debug|Any CPU
		{A19DAB1A-52F4-4148-A4A6-772486A98828}.Release|Any CPU.ActiveCfg = Release|Any CPU
		{A19DAB1A-52F4-4148-A4A6-772486A98828}.Release|Any CPU.Build.0 = Release|Any CPU
		{34FA722D-66A0-4471-A2D2-83CA340DF425}.Debug|Any CPU.ActiveCfg = Debug|Any CPU
		{34FA722D-66A0-4471-A2D2-83CA340DF425}.Debug|Any CPU.Build.0 = Debug|Any CPU
		{34FA722D-66A0-4471-A2D2-83CA340DF425}.Release|Any CPU.ActiveCfg = Release|Any CPU
		{34FA722D-66A0-4471-A2D2-83CA340DF425}.Release|Any CPU.Build.0 = Release|Any CPU
		{0192B5D7-3C9D-4E91-8C60-2980F395D13E}.Debug|Any CPU.ActiveCfg = Debug|Any CPU
		{0192B5D7-3C9D-4E91-8C60-2980F395D13E}.Debug|Any CPU.Build.0 = Debug|Any CPU
		{0192B5D7-3C9D-4E91-8C60-2980F395D13E}.Release|Any CPU.ActiveCfg = Release|Any CPU
		{0192B5D7-3C9D-4E91-8C60-2980F395D13E}.Release|Any CPU.Build.0 = Release|Any CPU
		{A2F7EB46-0CBD-4844-AFE2-06CB5C2AE222}.Debug|Any CPU.ActiveCfg = Debug|Any CPU
		{A2F7EB46-0CBD-4844-AFE2-06CB5C2AE222}.Debug|Any CPU.Build.0 = Debug|Any CPU
		{A2F7EB46-0CBD-4844-AFE2-06CB5C2AE222}.Release|Any CPU.ActiveCfg = Release|Any CPU
		{A2F7EB46-0CBD-4844-AFE2-06CB5C2AE222}.Release|Any CPU.Build.0 = Release|Any CPU
	EndGlobalSection
EndGlobal
